// !$*UTF8*$!
{
	archiveVersion = 1;
	classes = {
	};
	objectVersion = 52;
	objects = {

/* Begin PBXBuildFile section */
		8440029726A97954007E92B2 /* UIButtonExt.swift in Sources */ = {isa = PBXBuildFile; fileRef = 8440029626A97954007E92B2 /* UIButtonExt.swift */; };
		8440029926A97A34007E92B2 /* Enums.swift in Sources */ = {isa = PBXBuildFile; fileRef = 8440029826A97A34007E92B2 /* Enums.swift */; };
		846483EE26A96AFF00068FD7 /* SwiftyJSON in Frameworks */ = {isa = PBXBuildFile; productRef = 846483ED26A96AFF00068FD7 /* SwiftyJSON */; };
		84A57D0C26A960B6009C48FF /* AppDelegate.swift in Sources */ = {isa = PBXBuildFile; fileRef = 84A57D0B26A960B6009C48FF /* AppDelegate.swift */; };
		84A57D0E26A960B6009C48FF /* SceneDelegate.swift in Sources */ = {isa = PBXBuildFile; fileRef = 84A57D0D26A960B6009C48FF /* SceneDelegate.swift */; };
		84A57D1026A960B6009C48FF /* ViewController.swift in Sources */ = {isa = PBXBuildFile; fileRef = 84A57D0F26A960B6009C48FF /* ViewController.swift */; };
		84A57D1326A960B6009C48FF /* Main.storyboard in Resources */ = {isa = PBXBuildFile; fileRef = 84A57D1126A960B6009C48FF /* Main.storyboard */; };
		84A57D1526A960BD009C48FF /* Assets.xcassets in Resources */ = {isa = PBXBuildFile; fileRef = 84A57D1426A960BD009C48FF /* Assets.xcassets */; };
		84A57D1826A960BD009C48FF /* LaunchScreen.storyboard in Resources */ = {isa = PBXBuildFile; fileRef = 84A57D1626A960BD009C48FF /* LaunchScreen.storyboard */; };
		862C66E2E91FAE5EED35DBCB /* Pods_AnimationApp.framework in Frameworks */ = {isa = PBXBuildFile; fileRef = C26E8D387F0C5DD591507332 /* Pods_AnimationApp.framework */; };
/* End PBXBuildFile section */

/* Begin PBXFileReference section */
		1154D6BF167FBCD757826FF4 /* Pods-AnimationApp.debug.xcconfig */ = {isa = PBXFileReference; includeInIndex = 1; lastKnownFileType = text.xcconfig; name = "Pods-AnimationApp.debug.xcconfig"; path = "Target Support Files/Pods-AnimationApp/Pods-AnimationApp.debug.xcconfig"; sourceTree = "<group>"; };
		8440029626A97954007E92B2 /* UIButtonExt.swift */ = {isa = PBXFileReference; lastKnownFileType = sourcecode.swift; path = UIButtonExt.swift; sourceTree = "<group>"; };
		8440029826A97A34007E92B2 /* Enums.swift */ = {isa = PBXFileReference; lastKnownFileType = sourcecode.swift; path = Enums.swift; sourceTree = "<group>"; };
		84A57D0826A960B6009C48FF /* AnimationApp.app */ = {isa = PBXFileReference; explicitFileType = wrapper.application; includeInIndex = 0; path = AnimationApp.app; sourceTree = BUILT_PRODUCTS_DIR; };
		84A57D0B26A960B6009C48FF /* AppDelegate.swift */ = {isa = PBXFileReference; lastKnownFileType = sourcecode.swift; path = AppDelegate.swift; sourceTree = "<group>"; };
		84A57D0D26A960B6009C48FF /* SceneDelegate.swift */ = {isa = PBXFileReference; lastKnownFileType = sourcecode.swift; path = SceneDelegate.swift; sourceTree = "<group>"; };
		84A57D0F26A960B6009C48FF /* ViewController.swift */ = {isa = PBXFileReference; lastKnownFileType = sourcecode.swift; path = ViewController.swift; sourceTree = "<group>"; };
		84A57D1226A960B6009C48FF /* Base */ = {isa = PBXFileReference; lastKnownFileType = file.storyboard; name = Base; path = Base.lproj/Main.storyboard; sourceTree = "<group>"; };
		84A57D1426A960BD009C48FF /* Assets.xcassets */ = {isa = PBXFileReference; lastKnownFileType = folder.assetcatalog; path = Assets.xcassets; sourceTree = "<group>"; };
		84A57D1726A960BD009C48FF /* Base */ = {isa = PBXFileReference; lastKnownFileType = file.storyboard; name = Base; path = Base.lproj/LaunchScreen.storyboard; sourceTree = "<group>"; };
		84A57D1926A960BD009C48FF /* Info.plist */ = {isa = PBXFileReference; lastKnownFileType = text.plist.xml; path = Info.plist; sourceTree = "<group>"; };
		C26E8D387F0C5DD591507332 /* Pods_AnimationApp.framework */ = {isa = PBXFileReference; explicitFileType = wrapper.framework; includeInIndex = 0; path = Pods_AnimationApp.framework; sourceTree = BUILT_PRODUCTS_DIR; };
		CB0B004559A4E203853B7B88 /* Pods-AnimationApp.release.xcconfig */ = {isa = PBXFileReference; includeInIndex = 1; lastKnownFileType = text.xcconfig; name = "Pods-AnimationApp.release.xcconfig"; path = "Target Support Files/Pods-AnimationApp/Pods-AnimationApp.release.xcconfig"; sourceTree = "<group>"; };
/* End PBXFileReference section */

/* Begin PBXFrameworksBuildPhase section */
		84A57D0526A960B6009C48FF /* Frameworks */ = {
			isa = PBXFrameworksBuildPhase;
			buildActionMask = 2147483647;
			files = (
				846483EE26A96AFF00068FD7 /* SwiftyJSON in Frameworks */,
				862C66E2E91FAE5EED35DBCB /* Pods_AnimationApp.framework in Frameworks */,
			);
			runOnlyForDeploymentPostprocessing = 0;
		};
/* End PBXFrameworksBuildPhase section */

/* Begin PBXGroup section */
		7486E42FB00AB30E90D515D2 /* Frameworks */ = {
			isa = PBXGroup;
			children = (
				C26E8D387F0C5DD591507332 /* Pods_AnimationApp.framework */,
			);
			name = Frameworks;
			sourceTree = "<group>";
		};
		846483EF26A96EF600068FD7 /* App */ = {
			isa = PBXGroup;
			children = (
				84A57D0B26A960B6009C48FF /* AppDelegate.swift */,
				84A57D0D26A960B6009C48FF /* SceneDelegate.swift */,
			);
			path = App;
			sourceTree = "<group>";
		};
		846483F026A96F0500068FD7 /* Sources */ = {
			isa = PBXGroup;
			children = (
				84A57D1426A960BD009C48FF /* Assets.xcassets */,
			);
			path = Sources;
			sourceTree = "<group>";
		};
		846483F126A96F1200068FD7 /* Views */ = {
			isa = PBXGroup;
			children = (
				84A57D1126A960B6009C48FF /* Main.storyboard */,
				84A57D1626A960BD009C48FF /* LaunchScreen.storyboard */,
			);
			path = Views;
			sourceTree = "<group>";
		};
		846483F226A96F2B00068FD7 /* Controllers */ = {
			isa = PBXGroup;
			children = (
				84A57D0F26A960B6009C48FF /* ViewController.swift */,
			);
			path = Controllers;
			sourceTree = "<group>";
		};
		846483F326A977FB00068FD7 /* Extansions */ = {
			isa = PBXGroup;
			children = (
				8440029626A97954007E92B2 /* UIButtonExt.swift */,
			);
			path = Extansions;
			sourceTree = "<group>";
		};
		84A57CFF26A960B6009C48FF = {
			isa = PBXGroup;
			children = (
				84A57D0A26A960B6009C48FF /* AnimationApp */,
				84A57D0926A960B6009C48FF /* Products */,
				F18DFF2C185CD55188663B40 /* Pods */,
				7486E42FB00AB30E90D515D2 /* Frameworks */,
			);
			sourceTree = "<group>";
		};
		84A57D0926A960B6009C48FF /* Products */ = {
			isa = PBXGroup;
			children = (
				84A57D0826A960B6009C48FF /* AnimationApp.app */,
			);
			name = Products;
			sourceTree = "<group>";
		};
		84A57D0A26A960B6009C48FF /* AnimationApp */ = {
			isa = PBXGroup;
			children = (
				8440029826A97A34007E92B2 /* Enums.swift */,
				846483F226A96F2B00068FD7 /* Controllers */,
				846483F126A96F1200068FD7 /* Views */,
				846483F326A977FB00068FD7 /* Extansions */,
				846483EF26A96EF600068FD7 /* App */,
				846483F026A96F0500068FD7 /* Sources */,
				84A57D1926A960BD009C48FF /* Info.plist */,
			);
			path = AnimationApp;
			sourceTree = "<group>";
		};
		F18DFF2C185CD55188663B40 /* Pods */ = {
			isa = PBXGroup;
			children = (
				1154D6BF167FBCD757826FF4 /* Pods-AnimationApp.debug.xcconfig */,
				CB0B004559A4E203853B7B88 /* Pods-AnimationApp.release.xcconfig */,
			);
			path = Pods;
			sourceTree = "<group>";
		};
/* End PBXGroup section */

/* Begin PBXNativeTarget section */
		84A57D0726A960B6009C48FF /* AnimationApp */ = {
			isa = PBXNativeTarget;
			buildConfigurationList = 84A57D1C26A960BD009C48FF /* Build configuration list for PBXNativeTarget "AnimationApp" */;
			buildPhases = (
				B8599D8F7A464261BA93F28C /* [CP] Check Pods Manifest.lock */,
				84A57D0426A960B6009C48FF /* Sources */,
				84A57D0526A960B6009C48FF /* Frameworks */,
				84A57D0626A960B6009C48FF /* Resources */,
				E9841F1AB5254D2C2BB18FE0 /* [CP] Embed Pods Frameworks */,
			);
			buildRules = (
			);
			dependencies = (
			);
			name = AnimationApp;
			packageProductDependencies = (
				846483ED26A96AFF00068FD7 /* SwiftyJSON */,
			);
			productName = AnimationApp;
			productReference = 84A57D0826A960B6009C48FF /* AnimationApp.app */;
			productType = "com.apple.product-type.application";
		};
/* End PBXNativeTarget section */

/* Begin PBXProject section */
		84A57D0026A960B6009C48FF /* Project object */ = {
			isa = PBXProject;
			attributes = {
				LastSwiftUpdateCheck = 1250;
				LastUpgradeCheck = 1250;
				TargetAttributes = {
					84A57D0726A960B6009C48FF = {
						CreatedOnToolsVersion = 12.5;
					};
				};
			};
			buildConfigurationList = 84A57D0326A960B6009C48FF /* Build configuration list for PBXProject "AnimationApp" */;
			compatibilityVersion = "Xcode 9.3";
			developmentRegion = en;
			hasScannedForEncodings = 0;
			knownRegions = (
				en,
				Base,
			);
			mainGroup = 84A57CFF26A960B6009C48FF;
			packageReferences = (
				846483EC26A96AFF00068FD7 /* XCRemoteSwiftPackageReference "SwiftyJSON" */,
			);
			productRefGroup = 84A57D0926A960B6009C48FF /* Products */;
			projectDirPath = "";
			projectRoot = "";
			targets = (
				84A57D0726A960B6009C48FF /* AnimationApp */,
			);
		};
/* End PBXProject section */

/* Begin PBXResourcesBuildPhase section */
		84A57D0626A960B6009C48FF /* Resources */ = {
			isa = PBXResourcesBuildPhase;
			buildActionMask = 2147483647;
			files = (
				84A57D1826A960BD009C48FF /* LaunchScreen.storyboard in Resources */,
				84A57D1526A960BD009C48FF /* Assets.xcassets in Resources */,
				84A57D1326A960B6009C48FF /* Main.storyboard in Resources */,
			);
			runOnlyForDeploymentPostprocessing = 0;
		};
/* End PBXResourcesBuildPhase section */

/* Begin PBXShellScriptBuildPhase section */
		B8599D8F7A464261BA93F28C /* [CP] Check Pods Manifest.lock */ = {
			isa = PBXShellScriptBuildPhase;
			buildActionMask = 2147483647;
			files = (
			);
			inputFileListPaths = (
			);
			inputPaths = (
				"${PODS_PODFILE_DIR_PATH}/Podfile.lock",
				"${PODS_ROOT}/Manifest.lock",
			);
			name = "[CP] Check Pods Manifest.lock";
			outputFileListPaths = (
			);
			outputPaths = (
				"$(DERIVED_FILE_DIR)/Pods-AnimationApp-checkManifestLockResult.txt",
			);
			runOnlyForDeploymentPostprocessing = 0;
			shellPath = /bin/sh;
			shellScript = "diff \"${PODS_PODFILE_DIR_PATH}/Podfile.lock\" \"${PODS_ROOT}/Manifest.lock\" > /dev/null\nif [ $? != 0 ] ; then\n    # print error to STDERR\n    echo \"error: The sandbox is not in sync with the Podfile.lock. Run 'pod install' or update your CocoaPods installation.\" >&2\n    exit 1\nfi\n# This output is used by Xcode 'outputs' to avoid re-running this script phase.\necho \"SUCCESS\" > \"${SCRIPT_OUTPUT_FILE_0}\"\n";
			showEnvVarsInLog = 0;
		};
		E9841F1AB5254D2C2BB18FE0 /* [CP] Embed Pods Frameworks */ = {
			isa = PBXShellScriptBuildPhase;
			buildActionMask = 2147483647;
			files = (
			);
			inputFileListPaths = (
				"${PODS_ROOT}/Target Support Files/Pods-AnimationApp/Pods-AnimationApp-frameworks-${CONFIGURATION}-input-files.xcfilelist",
			);
			name = "[CP] Embed Pods Frameworks";
			outputFileListPaths = (
				"${PODS_ROOT}/Target Support Files/Pods-AnimationApp/Pods-AnimationApp-frameworks-${CONFIGURATION}-output-files.xcfilelist",
			);
			runOnlyForDeploymentPostprocessing = 0;
			shellPath = /bin/sh;
			shellScript = "\"${PODS_ROOT}/Target Support Files/Pods-AnimationApp/Pods-AnimationApp-frameworks.sh\"\n";
			showEnvVarsInLog = 0;
		};
/* End PBXShellScriptBuildPhase section */

/* Begin PBXSourcesBuildPhase section */
		84A57D0426A960B6009C48FF /* Sources */ = {
			isa = PBXSourcesBuildPhase;
			buildActionMask = 2147483647;
			files = (
				84A57D1026A960B6009C48FF /* ViewController.swift in Sources */,
				84A57D0C26A960B6009C48FF /* AppDelegate.swift in Sources */,
				8440029926A97A34007E92B2 /* Enums.swift in Sources */,
				84A57D0E26A960B6009C48FF /* SceneDelegate.swift in Sources */,
				8440029726A97954007E92B2 /* UIButtonExt.swift in Sources */,
			);
			runOnlyForDeploymentPostprocessing = 0;
		};
/* End PBXSourcesBuildPhase section */

/* Begin PBXVariantGroup section */
		84A57D1126A960B6009C48FF /* Main.storyboard */ = {
			isa = PBXVariantGroup;
			children = (
				84A57D1226A960B6009C48FF /* Base */,
			);
			name = Main.storyboard;
			sourceTree = "<group>";
		};
		84A57D1626A960BD009C48FF /* LaunchScreen.storyboard */ = {
			isa = PBXVariantGroup;
			children = (
				84A57D1726A960BD009C48FF /* Base */,
			);
			name = LaunchScreen.storyboard;
			sourceTree = "<group>";
		};
/* End PBXVariantGroup section */

/* Begin XCBuildConfiguration section */
		84A57D1A26A960BD009C48FF /* Debug */ = {
			isa = XCBuildConfiguration;
			buildSettings = {
				ALWAYS_SEARCH_USER_PATHS = NO;
				CLANG_ANALYZER_NONNULL = YES;
				CLANG_ANALYZER_NUMBER_OBJECT_CONVERSION = YES_AGGRESSIVE;
				CLANG_CXX_LANGUAGE_STANDARD = "gnu++14";
				CLANG_CXX_LIBRARY = "libc++";
				CLANG_ENABLE_MODULES = YES;
				CLANG_ENABLE_OBJC_ARC = YES;
				CLANG_ENABLE_OBJC_WEAK = YES;
				CLANG_WARN_BLOCK_CAPTURE_AUTORELEASING = YES;
				CLANG_WARN_BOOL_CONVERSION = YES;
				CLANG_WARN_COMMA = YES;
				CLANG_WARN_CONSTANT_CONVERSION = YES;
				CLANG_WARN_DEPRECATED_OBJC_IMPLEMENTATIONS = YES;
				CLANG_WARN_DIRECT_OBJC_ISA_USAGE = YES_ERROR;
				CLANG_WARN_DOCUMENTATION_COMMENTS = YES;
				CLANG_WARN_EMPTY_BODY = YES;
				CLANG_WARN_ENUM_CONVERSION = YES;
				CLANG_WARN_INFINITE_RECURSION = YES;
				CLANG_WARN_INT_CONVERSION = YES;
				CLANG_WARN_NON_LITERAL_NULL_CONVERSION = YES;
				CLANG_WARN_OBJC_IMPLICIT_RETAIN_SELF = YES;
				CLANG_WARN_OBJC_LITERAL_CONVERSION = YES;
				CLANG_WARN_OBJC_ROOT_CLASS = YES_ERROR;
				CLANG_WARN_QUOTED_INCLUDE_IN_FRAMEWORK_HEADER = YES;
				CLANG_WARN_RANGE_LOOP_ANALYSIS = YES;
				CLANG_WARN_STRICT_PROTOTYPES = YES;
				CLANG_WARN_SUSPICIOUS_MOVE = YES;
				CLANG_WARN_UNGUARDED_AVAILABILITY = YES_AGGRESSIVE;
				CLANG_WARN_UNREACHABLE_CODE = YES;
				CLANG_WARN__DUPLICATE_METHOD_MATCH = YES;
				COPY_PHASE_STRIP = NO;
				DEBUG_INFORMATION_FORMAT = dwarf;
				ENABLE_STRICT_OBJC_MSGSEND = YES;
				ENABLE_TESTABILITY = YES;
				GCC_C_LANGUAGE_STANDARD = gnu11;
				GCC_DYNAMIC_NO_PIC = NO;
				GCC_NO_COMMON_BLOCKS = YES;
				GCC_OPTIMIZATION_LEVEL = 0;
				GCC_PREPROCESSOR_DEFINITIONS = (
					"DEBUG=1",
					"$(inherited)",
				);
				GCC_WARN_64_TO_32_BIT_CONVERSION = YES;
				GCC_WARN_ABOUT_RETURN_TYPE = YES_ERROR;
				GCC_WARN_UNDECLARED_SELECTOR = YES;
				GCC_WARN_UNINITIALIZED_AUTOS = YES_AGGRESSIVE;
				GCC_WARN_UNUSED_FUNCTION = YES;
				GCC_WARN_UNUSED_VARIABLE = YES;
				IPHONEOS_DEPLOYMENT_TARGET = 14.5;
				MTL_ENABLE_DEBUG_INFO = INCLUDE_SOURCE;
				MTL_FAST_MATH = YES;
				ONLY_ACTIVE_ARCH = YES;
				SDKROOT = iphoneos;
				SWIFT_ACTIVE_COMPILATION_CONDITIONS = DEBUG;
				SWIFT_OPTIMIZATION_LEVEL = "-Onone";
			};
			name = Debug;
		};
		84A57D1B26A960BD009C48FF /* Release */ = {
			isa = XCBuildConfiguration;
			buildSettings = {
				ALWAYS_SEARCH_USER_PATHS = NO;
				CLANG_ANALYZER_NONNULL = YES;
				CLANG_ANALYZER_NUMBER_OBJECT_CONVERSION = YES_AGGRESSIVE;
				CLANG_CXX_LANGUAGE_STANDARD = "gnu++14";
				CLANG_CXX_LIBRARY = "libc++";
				CLANG_ENABLE_MODULES = YES;
				CLANG_ENABLE_OBJC_ARC = YES;
				CLANG_ENABLE_OBJC_WEAK = YES;
				CLANG_WARN_BLOCK_CAPTURE_AUTORELEASING = YES;
				CLANG_WARN_BOOL_CONVERSION = YES;
				CLANG_WARN_COMMA = YES;
				CLANG_WARN_CONSTANT_CONVERSION = YES;
				CLANG_WARN_DEPRECATED_OBJC_IMPLEMENTATIONS = YES;
				CLANG_WARN_DIRECT_OBJC_ISA_USAGE = YES_ERROR;
				CLANG_WARN_DOCUMENTATION_COMMENTS = YES;
				CLANG_WARN_EMPTY_BODY = YES;
				CLANG_WARN_ENUM_CONVERSION = YES;
				CLANG_WARN_INFINITE_RECURSION = YES;
				CLANG_WARN_INT_CONVERSION = YES;
				CLANG_WARN_NON_LITERAL_NULL_CONVERSION = YES;
				CLANG_WARN_OBJC_IMPLICIT_RETAIN_SELF = YES;
				CLANG_WARN_OBJC_LITERAL_CONVERSION = YES;
				CLANG_WARN_OBJC_ROOT_CLASS = YES_ERROR;
				CLANG_WARN_QUOTED_INCLUDE_IN_FRAMEWORK_HEADER = YES;
				CLANG_WARN_RANGE_LOOP_ANALYSIS = YES;
				CLANG_WARN_STRICT_PROTOTYPES = YES;
				CLANG_WARN_SUSPICIOUS_MOVE = YES;
				CLANG_WARN_UNGUARDED_AVAILABILITY = YES_AGGRESSIVE;
				CLANG_WARN_UNREACHABLE_CODE = YES;
				CLANG_WARN__DUPLICATE_METHOD_MATCH = YES;
				COPY_PHASE_STRIP = NO;
				DEBUG_INFORMATION_FORMAT = "dwarf-with-dsym";
				ENABLE_NS_ASSERTIONS = NO;
				ENABLE_STRICT_OBJC_MSGSEND = YES;
				GCC_C_LANGUAGE_STANDARD = gnu11;
				GCC_NO_COMMON_BLOCKS = YES;
				GCC_WARN_64_TO_32_BIT_CONVERSION = YES;
				GCC_WARN_ABOUT_RETURN_TYPE = YES_ERROR;
				GCC_WARN_UNDECLARED_SELECTOR = YES;
				GCC_WARN_UNINITIALIZED_AUTOS = YES_AGGRESSIVE;
				GCC_WARN_UNUSED_FUNCTION = YES;
				GCC_WARN_UNUSED_VARIABLE = YES;
				IPHONEOS_DEPLOYMENT_TARGET = 14.5;
				MTL_ENABLE_DEBUG_INFO = NO;
				MTL_FAST_MATH = YES;
				SDKROOT = iphoneos;
				SWIFT_COMPILATION_MODE = wholemodule;
				SWIFT_OPTIMIZATION_LEVEL = "-O";
				VALIDATE_PRODUCT = YES;
			};
			name = Release;
		};
		84A57D1D26A960BD009C48FF /* Debug */ = {
			isa = XCBuildConfiguration;
			baseConfigurationReference = 1154D6BF167FBCD757826FF4 /* Pods-AnimationApp.debug.xcconfig */;
			buildSettings = {
				ASSETCATALOG_COMPILER_APPICON_NAME = AppIcon;
				ASSETCATALOG_COMPILER_GLOBAL_ACCENT_COLOR_NAME = AccentColor;
				CODE_SIGN_STYLE = Automatic;
				DEVELOPMENT_TEAM = 28KY97ZH9V;
				INFOPLIST_FILE = AnimationApp/Info.plist;
				LD_RUNPATH_SEARCH_PATHS = (
					"$(inherited)",
					"@executable_path/Frameworks",
				);
				PRODUCT_BUNDLE_IDENTIFIER = "Yana-Golodyuk.AnimationApp";
				PRODUCT_NAME = "$(TARGET_NAME)";
				SWIFT_VERSION = 5.0;
				TARGETED_DEVICE_FAMILY = "1,2";
			};
			name = Debug;
		};
		84A57D1E26A960BD009C48FF /* Release */ = {
			isa = XCBuildConfiguration;
			baseConfigurationReference = CB0B004559A4E203853B7B88 /* Pods-AnimationApp.release.xcconfig */;
			buildSettings = {
				ASSETCATALOG_COMPILER_APPICON_NAME = AppIcon;
				ASSETCATALOG_COMPILER_GLOBAL_ACCENT_COLOR_NAME = AccentColor;
				CODE_SIGN_STYLE = Automatic;
				DEVELOPMENT_TEAM = 28KY97ZH9V;
				INFOPLIST_FILE = AnimationApp/Info.plist;
				LD_RUNPATH_SEARCH_PATHS = (
					"$(inherited)",
					"@executable_path/Frameworks",
				);
				PRODUCT_BUNDLE_IDENTIFIER = "Yana-Golodyuk.AnimationApp";
				PRODUCT_NAME = "$(TARGET_NAME)";
				SWIFT_VERSION = 5.0;
				TARGETED_DEVICE_FAMILY = "1,2";
			};
			name = Release;
		};
/* End XCBuildConfiguration section */

/* Begin XCConfigurationList section */
		84A57D0326A960B6009C48FF /* Build configuration list for PBXProject "AnimationApp" */ = {
			isa = XCConfigurationList;
			buildConfigurations = (
				84A57D1A26A960BD009C48FF /* Debug */,
				84A57D1B26A960BD009C48FF /* Release */,
			);
			defaultConfigurationIsVisible = 0;
			defaultConfigurationName = Release;
		};
		84A57D1C26A960BD009C48FF /* Build configuration list for PBXNativeTarget "AnimationApp" */ = {
			isa = XCConfigurationList;
			buildConfigurations = (
				84A57D1D26A960BD009C48FF /* Debug */,
				84A57D1E26A960BD009C48FF /* Release */,
			);
			defaultConfigurationIsVisible = 0;
			defaultConfigurationName = Release;
		};
/* End XCConfigurationList section */

/* Begin XCRemoteSwiftPackageReference section */
		846483EC26A96AFF00068FD7 /* XCRemoteSwiftPackageReference "SwiftyJSON" */ = {
			isa = XCRemoteSwiftPackageReference;
			repositoryURL = "https://github.com/SwiftyJSON/SwiftyJSON.git";
			requirement = {
				kind = upToNextMajorVersion;
				minimumVersion = 5.0.1;
			};
		};
/* End XCRemoteSwiftPackageReference section */

/* Begin XCSwiftPackageProductDependency section */
		846483ED26A96AFF00068FD7 /* SwiftyJSON */ = {
			isa = XCSwiftPackageProductDependency;
			package = 846483EC26A96AFF00068FD7 /* XCRemoteSwiftPackageReference "SwiftyJSON" */;
			productName = SwiftyJSON;
		};
/* End XCSwiftPackageProductDependency section */
	};
	rootObject = 84A57D0026A960B6009C48FF /* Project object */;
}
